
Microsoft Visual Studio Solution File, Format Version 12.00
# Visual Studio Version 16
VisualStudioVersion = 16.0.29926.136
MinimumVisualStudioVersion = 10.0.40219.1
Project("{9A19103F-16F7-4668-BE54-9A1E7A4F7556}") = "VA24-7-BandAgent", "VA24-7-BandAgent\VA24-7-BandAgent.csproj", "{74C73453-4432-4D74-B0DE-291DE8A0F4EF}"
EndProject
Project("{9A19103F-16F7-4668-BE54-9A1E7A4F7556}") = "VA24-7-Shared", "VA24-7-Shared\VA24-7-Shared.csproj", "{BD437CB7-196B-4134-B7EE-190B00BA4B2E}"
EndProject
Project("{9A19103F-16F7-4668-BE54-9A1E7A4F7556}") = "VA24-7-AF", "VA24-7-AF\VA24-7-AF.csproj", "{0775963D-30D0-4E5E-B388-EC554223BDB4}"
EndProject
Project("{9A19103F-16F7-4668-BE54-9A1E7A4F7556}") = "VA24-7-WebPortal", "VA24-7-WebPortal\VA24-7-WebPortal.csproj", "{F8BD3ECF-53D9-475E-8AE4-6F32DD4CF151}"
EndProject
Global
	GlobalSection(SolutionConfigurationPlatforms) = preSolution
		Debug|Any CPU = Debug|Any CPU
		Release|Any CPU = Release|Any CPU
	EndGlobalSection
	GlobalSection(ProjectConfigurationPlatforms) = postSolution
		{74C73453-4432-4D74-B0DE-291DE8A0F4EF}.Debug|Any CPU.ActiveCfg = Debug|Any CPU
		{74C73453-4432-4D74-B0DE-291DE8A0F4EF}.Debug|Any CPU.Build.0 = Debug|Any CPU
		{74C73453-4432-4D74-B0DE-291DE8A0F4EF}.Release|Any CPU.ActiveCfg = Release|Any CPU
		{74C73453-4432-4D74-B0DE-291DE8A0F4EF}.Release|Any CPU.Build.0 = Release|Any CPU
		{BD437CB7-196B-4134-B7EE-190B00BA4B2E}.Debug|Any CPU.ActiveCfg = Debug|Any CPU
		{BD437CB7-196B-4134-B7EE-190B00BA4B2E}.Debug|Any CPU.Build.0 = Debug|Any CPU
		{BD437CB7-196B-4134-B7EE-190B00BA4B2E}.Release|Any CPU.ActiveCfg = Release|Any CPU
		{BD437CB7-196B-4134-B7EE-190B00BA4B2E}.Release|Any CPU.Build.0 = Release|Any CPU
		{0775963D-30D0-4E5E-B388-EC554223BDB4}.Debug|Any CPU.ActiveCfg = Debug|Any CPU
		{0775963D-30D0-4E5E-B388-EC554223BDB4}.Debug|Any CPU.Build.0 = Debug|Any CPU
		{0775963D-30D0-4E5E-B388-EC554223BDB4}.Release|Any CPU.ActiveCfg = Release|Any CPU
		{0775963D-30D0-4E5E-B388-EC554223BDB4}.Release|Any CPU.Build.0 = Release|Any CPU
		{F8BD3ECF-53D9-475E-8AE4-6F32DD4CF151}.Debug|Any CPU.ActiveCfg = Debug|Any CPU
		{F8BD3ECF-53D9-475E-8AE4-6F32DD4CF151}.Debug|Any CPU.Build.0 = Debug|Any CPU
		{F8BD3ECF-53D9-475E-8AE4-6F32DD4CF151}.Release|Any CPU.ActiveCfg = Release|Any CPU
		{F8BD3ECF-53D9-475E-8AE4-6F32DD4CF151}.Release|Any CPU.Build.0 = Release|Any CPU
	EndGlobalSection
	GlobalSection(SolutionProperties) = preSolution
		HideSolutionNode = FALSE
	EndGlobalSection
	GlobalSection(ExtensibilityGlobals) = postSolution
		SolutionGuid = {E56F3C57-7596-4BB6-826F-3F5C93EC1E6C}
	EndGlobalSection
EndGlobal
