
Microsoft Visual Studio Solution File, Format Version 12.00
# Visual Studio Version 16
VisualStudioVersion = 16.0.29926.136
MinimumVisualStudioVersion = 10.0.40219.1
Project("{FAE04EC0-301F-11D3-BF4B-00C04F79EFBC}") = "VA24-7-BandAgent", "VA24-7-BandAgent\VA24-7-BandAgent.csproj", "{74C73453-4432-4D74-B0DE-291DE8A0F4EF}"
EndProject
Project("{FAE04EC0-301F-11D3-BF4B-00C04F79EFBC}") = "VA24-7-Shared", "VA24-7-Shared\VA24-7-Shared.csproj", "{BD437CB7-196B-4134-B7EE-190B00BA4B2E}"
EndProject
Global
	GlobalSection(SolutionConfigurationPlatforms) = preSolution
		Debug|Any CPU = Debug|Any CPU
		Release|Any CPU = Release|Any CPU
	EndGlobalSection
	GlobalSection(ProjectConfigurationPlatforms) = postSolution
		{74C73453-4432-4D74-B0DE-291DE8A0F4EF}.Debug|Any CPU.ActiveCfg = Debug|Any CPU
		{74C73453-4432-4D74-B0DE-291DE8A0F4EF}.Debug|Any CPU.Build.0 = Debug|Any CPU
		{74C73453-4432-4D74-B0DE-291DE8A0F4EF}.Release|Any CPU.ActiveCfg = Release|Any CPU
		{74C73453-4432-4D74-B0DE-291DE8A0F4EF}.Release|Any CPU.Build.0 = Release|Any CPU
		{BD437CB7-196B-4134-B7EE-190B00BA4B2E}.Debug|Any CPU.ActiveCfg = Debug|Any CPU
		{BD437CB7-196B-4134-B7EE-190B00BA4B2E}.Debug|Any CPU.Build.0 = Debug|Any CPU
		{BD437CB7-196B-4134-B7EE-190B00BA4B2E}.Release|Any CPU.ActiveCfg = Release|Any CPU
		{BD437CB7-196B-4134-B7EE-190B00BA4B2E}.Release|Any CPU.Build.0 = Release|Any CPU
	EndGlobalSection
	GlobalSection(SolutionProperties) = preSolution
		HideSolutionNode = FALSE
	EndGlobalSection
	GlobalSection(ExtensibilityGlobals) = postSolution
		SolutionGuid = {E56F3C57-7596-4BB6-826F-3F5C93EC1E6C}
	EndGlobalSection
EndGlobal
